
Microsoft Visual Studio Solution File, Format Version 11.00
# Visual Studio 2010
Project("{FAE04EC0-301F-11D3-BF4B-00C04F79EFBC}") = "QMS", "QMS\QMS.csproj", "{7144A6D5-DEE7-4D3C-B926-1AE483B41231}"
EndProject
Project("{FAE04EC0-301F-11D3-BF4B-00C04F79EFBC}") = "TNSBase", "TNSBase\TNSBase.csproj", "{26FE71B9-65BC-4E81-8D8E-37E7CD3C27CB}"
EndProject
Global
	GlobalSection(SolutionConfigurationPlatforms) = preSolution
		Debug|Any CPU = Debug|Any CPU
		Release|Any CPU = Release|Any CPU
	EndGlobalSection
	GlobalSection(ProjectConfigurationPlatforms) = postSolution
		{7144A6D5-DEE7-4D3C-B926-1AE483B41231}.Debug|Any CPU.ActiveCfg = Debug|Any CPU
		{7144A6D5-DEE7-4D3C-B926-1AE483B41231}.Debug|Any CPU.Build.0 = Debug|Any CPU
		{7144A6D5-DEE7-4D3C-B926-1AE483B41231}.Release|Any CPU.ActiveCfg = Release|Any CPU
		{7144A6D5-DEE7-4D3C-B926-1AE483B41231}.Release|Any CPU.Build.0 = Release|Any CPU
		{26FE71B9-65BC-4E81-8D8E-37E7CD3C27CB}.Debug|Any CPU.ActiveCfg = Debug|Any CPU
		{26FE71B9-65BC-4E81-8D8E-37E7CD3C27CB}.Debug|Any CPU.Build.0 = Debug|Any CPU
		{26FE71B9-65BC-4E81-8D8E-37E7CD3C27CB}.Release|Any CPU.ActiveCfg = Release|Any CPU
		{26FE71B9-65BC-4E81-8D8E-37E7CD3C27CB}.Release|Any CPU.Build.0 = Release|Any CPU
	EndGlobalSection
	GlobalSection(SolutionProperties) = preSolution
		HideSolutionNode = FALSE
	EndGlobalSection
EndGlobal
